<?xml version="1.0" encoding="utf-8"?>
<Project ToolsVersion="4.0" xmlns="http://schemas.microsoft.com/developer/msbuild/2003">
  <ItemGroup>
    <ClCompile Include="src\audio-in.c">
      <Filter>Header Files</Filter>
    </ClCompile>
    <ClCompile Include="src\diag_range.c">
      <Filter>Source Files</Filter>
    </ClCompile>
    <ClCompile Include="src\wave_out.c">
      <Filter>Source Files</Filter>
    </ClCompile>
    <ClCompile Include="share\getopt.c">
      <Filter>Source Files</Filter>
    </ClCompile>
    <ClCompile Include="share\getopt1.c">
      <Filter>Source Files</Filter>
    </ClCompile>
    <ClCompile Include="src\lpc.c">
      <Filter>Source Files</Filter>
    </ClCompile>
    <ClCompile Include="src\opus_header.c">
      <Filter>Source Files</Filter>
    </ClCompile>
    <ClCompile Include="src\opusinfo.c">
      <Filter>Source Files</Filter>
    </ClCompile>
    <ClCompile Include="src\resample.c">
      <Filter>Source Files</Filter>
    </ClCompile>
    <ClCompile Include="src\wav_io.c">
      <Filter>Source Files</Filter>
    </ClCompile>
    <ClCompile Include="src\info_opus.c">
      <Filter>Source Files</Filter>
    </ClCompile>
  </ItemGroup>
  <ItemGroup>
    <ClInclude Include="src\arch.h">
      <Filter>Header Files</Filter>
    </ClInclude>
    <ClInclude Include="src\diag_range.h">
      <Filter>Header Files</Filter>
    </ClInclude>
    <ClInclude Include="include\getopt.h">
      <Filter>Header Files</Filter>
    </ClInclude>
    <ClInclude Include="src\info_opus.h">
      <Filter>Header Files</Filter>
    </ClInclude>
    <ClInclude Include="src\lpc.h">
      <Filter>Header Files</Filter>
    </ClInclude>
    <ClInclude Include="src\opus_header.h">
      <Filter>Header Files</Filter>
    </ClInclude>
    <ClInclude Include="src\opusinfo.h">
      <Filter>Header Files</Filter>
    </ClInclude>
    <ClInclude Include="src\os_support.h">
      <Filter>Header Files</Filter>
    </ClInclude>
    <ClInclude Include="src\speex_resampler.h">
      <Filter>Header Files</Filter>
    </ClInclude>
    <ClInclude Include="src\stack_alloc.h">
      <Filter>Header Files</Filter>
    </ClInclude>
    <ClInclude Include="win32\config.h">
      <Filter>Header Files</Filter>
    </ClInclude>
    <ClInclude Include="src\wave_out.h">
      <Filter>Header Files</Filter>
    </ClInclude>
    <ClInclude Include="src\wav_io.h">
      <Filter>Header Files</Filter>
    </ClInclude>
  </ItemGroup>
  <ItemGroup>
    <Filter Include="Header Files">
      <UniqueIdentifier>{9151be1a-eb66-4999-80bf-86a9a9850aad}</UniqueIdentifier>
      <Extensions>h;hpp;hxx;hm;inl;inc;xsd</Extensions>
    </Filter>
    <Filter Include="Source Files">
      <UniqueIdentifier>{6002a8c5-eecb-40c8-b815-523357c42aeb}</UniqueIdentifier>
      <Extensions>cpp;c;cc;cxx;def;odl;idl;hpj;bat;asm;asmx</Extensions>
    </Filter>
  </ItemGroup>
</Project>